// !$*UTF8*$!
{
	archiveVersion = 1;
	classes = {
	};
	objectVersion = 46;
	objects = {

/* Begin PBXBuildFile section */
		F4D37E8A1F161938002F7776 /* AppDelegate.swift in Sources */ = {isa = PBXBuildFile; fileRef = F4D37E891F161938002F7776 /* AppDelegate.swift */; };
		F4D37E8C1F161938002F7776 /* ViewController.swift in Sources */ = {isa = PBXBuildFile; fileRef = F4D37E8B1F161938002F7776 /* ViewController.swift */; };
		F4D37E8F1F161938002F7776 /* Main.storyboard in Resources */ = {isa = PBXBuildFile; fileRef = F4D37E8D1F161938002F7776 /* Main.storyboard */; };
		F4D37E911F161938002F7776 /* Assets.xcassets in Resources */ = {isa = PBXBuildFile; fileRef = F4D37E901F161938002F7776 /* Assets.xcassets */; };
		F4D37E941F161938002F7776 /* LaunchScreen.storyboard in Resources */ = {isa = PBXBuildFile; fileRef = F4D37E921F161938002F7776 /* LaunchScreen.storyboard */; };
/* End PBXBuildFile section */

/* Begin PBXFileReference section */
		F4D37E861F161938002F7776 /* CalculatorUsingSwift.app */ = {isa = PBXFileReference; explicitFileType = wrapper.application; includeInIndex = 0; path = CalculatorUsingSwift.app; sourceTree = BUILT_PRODUCTS_DIR; };
		F4D37E891F161938002F7776 /* AppDelegate.swift */ = {isa = PBXFileReference; lastKnownFileType = sourcecode.swift; path = AppDelegate.swift; sourceTree = "<group>"; };
		F4D37E8B1F161938002F7776 /* ViewController.swift */ = {isa = PBXFileReference; lastKnownFileType = sourcecode.swift; path = ViewController.swift; sourceTree = "<group>"; };
		F4D37E8E1F161938002F7776 /* Base */ = {isa = PBXFileReference; lastKnownFileType = file.storyboard; name = Base; path = Base.lproj/Main.storyboard; sourceTree = "<group>"; };
		F4D37E901F161938002F7776 /* Assets.xcassets */ = {isa = PBXFileReference; lastKnownFileType = folder.assetcatalog; path = Assets.xcassets; sourceTree = "<group>"; };
		F4D37E931F161938002F7776 /* Base */ = {isa = PBXFileReference; lastKnownFileType = file.storyboard; name = Base; path = Base.lproj/LaunchScreen.storyboard; sourceTree = "<group>"; };
		F4D37E951F161938002F7776 /* Info.plist */ = {isa = PBXFileReference; lastKnownFileType = text.plist.xml; path = Info.plist; sourceTree = "<group>"; };
/* End PBXFileReference section */

/* Begin PBXFrameworksBuildPhase section */
		F4D37E831F161938002F7776 /* Frameworks */ = {
			isa = PBXFrameworksBuildPhase;
			buildActionMask = 2147483647;
			files = (
			);
			runOnlyForDeploymentPostprocessing = 0;
		};
/* End PBXFrameworksBuildPhase section */

/* Begin PBXGroup section */
		F4D37E7D1F161938002F7776 = {
			isa = PBXGroup;
			children = (
				F4D37E881F161938002F7776 /* CalculatorUsingSwift */,
				F4D37E871F161938002F7776 /* Products */,
			);
			sourceTree = "<group>";
		};
		F4D37E871F161938002F7776 /* Products */ = {
			isa = PBXGroup;
			children = (
				F4D37E861F161938002F7776 /* CalculatorUsingSwift.app */,
			);
			name = Products;
			sourceTree = "<group>";
		};
		F4D37E881F161938002F7776 /* CalculatorUsingSwift */ = {
			isa = PBXGroup;
			children = (
				F4D37E891F161938002F7776 /* AppDelegate.swift */,
				F4D37E8B1F161938002F7776 /* ViewController.swift */,
				F4D37E8D1F161938002F7776 /* Main.storyboard */,
				F4D37E901F161938002F7776 /* Assets.xcassets */,
				F4D37E921F161938002F7776 /* LaunchScreen.storyboard */,
				F4D37E951F161938002F7776 /* Info.plist */,
			);
			path = CalculatorUsingSwift;
			sourceTree = "<group>";
		};
/* End PBXGroup section */

/* Begin PBXNativeTarget section */
		F4D37E851F161938002F7776 /* CalculatorUsingSwift */ = {
			isa = PBXNativeTarget;
			buildConfigurationList = F4D37E981F161938002F7776 /* Build configuration list for PBXNativeTarget "CalculatorUsingSwift" */;
			buildPhases = (
				F4D37E821F161938002F7776 /* Sources */,
				F4D37E831F161938002F7776 /* Frameworks */,
				F4D37E841F161938002F7776 /* Resources */,
			);
			buildRules = (
			);
			dependencies = (
			);
			name = CalculatorUsingSwift;
			productName = CalculatorUsingSwift;
			productReference = F4D37E861F161938002F7776 /* CalculatorUsingSwift.app */;
			productType = "com.apple.product-type.application";
		};
/* End PBXNativeTarget section */

/* Begin PBXProject section */
		F4D37E7E1F161938002F7776 /* Project object */ = {
			isa = PBXProject;
			attributes = {
				LastSwiftUpdateCheck = 0820;
				LastUpgradeCheck = 0820;
				ORGANIZATIONNAME = felix;
				TargetAttributes = {
					F4D37E851F161938002F7776 = {
						CreatedOnToolsVersion = 8.2;
						ProvisioningStyle = Automatic;
					};
				};
			};
			buildConfigurationList = F4D37E811F161938002F7776 /* Build configuration list for PBXProject "CalculatorUsingSwift" */;
			compatibilityVersion = "Xcode 3.2";
			developmentRegion = English;
			hasScannedForEncodings = 0;
			knownRegions = (
				en,
				Base,
			);
			mainGroup = F4D37E7D1F161938002F7776;
			productRefGroup = F4D37E871F161938002F7776 /* Products */;
			projectDirPath = "";
			projectRoot = "";
			targets = (
				F4D37E851F161938002F7776 /* CalculatorUsingSwift */,
			);
		};
/* End PBXProject section */

/* Begin PBXResourcesBuildPhase section */
		F4D37E841F161938002F7776 /* Resources */ = {
			isa = PBXResourcesBuildPhase;
			buildActionMask = 2147483647;
			files = (
				F4D37E941F161938002F7776 /* LaunchScreen.storyboard in Resources */,
				F4D37E911F161938002F7776 /* Assets.xcassets in Resources */,
				F4D37E8F1F161938002F7776 /* Main.storyboard in Resources */,
			);
			runOnlyForDeploymentPostprocessing = 0;
		};
/* End PBXResourcesBuildPhase section */

/* Begin PBXSourcesBuildPhase section */
		F4D37E821F161938002F7776 /* Sources */ = {
			isa = PBXSourcesBuildPhase;
			buildActionMask = 2147483647;
			files = (
				F4D37E8C1F161938002F7776 /* ViewController.swift in Sources */,
				F4D37E8A1F161938002F7776 /* AppDelegate.swift in Sources */,
			);
			runOnlyForDeploymentPostprocessing = 0;
		};
/* End PBXSourcesBuildPhase section */

/* Begin PBXVariantGroup section */
		F4D37E8D1F161938002F7776 /* Main.storyboard */ = {
			isa = PBXVariantGroup;
			children = (
				F4D37E8E1F161938002F7776 /* Base */,
			);
			name = Main.storyboard;
			sourceTree = "<group>";
		};
		F4D37E921F161938002F7776 /* LaunchScreen.storyboard */ = {
			isa = PBXVariantGroup;
			children = (
				F4D37E931F161938002F7776 /* Base */,
			);
			name = LaunchScreen.storyboard;
			sourceTree = "<group>";
		};
/* End PBXVariantGroup section */

/* Begin XCBuildConfiguration section */
		F4D37E961F161938002F7776 /* Debug */ = {
			isa = XCBuildConfiguration;
			buildSettings = {
				ALWAYS_SEARCH_USER_PATHS = NO;
				CLANG_ANALYZER_NONNULL = YES;
				CLANG_CXX_LANGUAGE_STANDARD = "gnu++0x";
				CLANG_CXX_LIBRARY = "libc++";
				CLANG_ENABLE_MODULES = YES;
				CLANG_ENABLE_OBJC_ARC = YES;
				CLANG_WARN_BOOL_CONVERSION = YES;
				CLANG_WARN_CONSTANT_CONVERSION = YES;
				CLANG_WARN_DIRECT_OBJC_ISA_USAGE = YES_ERROR;
				CLANG_WARN_DOCUMENTATION_COMMENTS = YES;
				CLANG_WARN_EMPTY_BODY = YES;
				CLANG_WARN_ENUM_CONVERSION = YES;
				CLANG_WARN_INFINITE_RECURSION = YES;
				CLANG_WARN_INT_CONVERSION = YES;
				CLANG_WARN_OBJC_ROOT_CLASS = YES_ERROR;
				CLANG_WARN_SUSPICIOUS_MOVE = YES;
				CLANG_WARN_UNREACHABLE_CODE = YES;
				CLANG_WARN__DUPLICATE_METHOD_MATCH = YES;
				"CODE_SIGN_IDENTITY[sdk=iphoneos*]" = "iPhone Developer";
				COPY_PHASE_STRIP = NO;
				DEBUG_INFORMATION_FORMAT = dwarf;
				ENABLE_STRICT_OBJC_MSGSEND = YES;
				ENABLE_TESTABILITY = YES;
				GCC_C_LANGUAGE_STANDARD = gnu99;
				GCC_DYNAMIC_NO_PIC = NO;
				GCC_NO_COMMON_BLOCKS = YES;
				GCC_OPTIMIZATION_LEVEL = 0;
				GCC_PREPROCESSOR_DEFINITIONS = (
					"DEBUG=1",
					"$(inherited)",
				);
				GCC_WARN_64_TO_32_BIT_CONVERSION = YES;
				GCC_WARN_ABOUT_RETURN_TYPE = YES_ERROR;
				GCC_WARN_UNDECLARED_SELECTOR = YES;
				GCC_WARN_UNINITIALIZED_AUTOS = YES_AGGRESSIVE;
				GCC_WARN_UNUSED_FUNCTION = YES;
				GCC_WARN_UNUSED_VARIABLE = YES;
				IPHONEOS_DEPLOYMENT_TARGET = 10.2;
				MTL_ENABLE_DEBUG_INFO = YES;
				ONLY_ACTIVE_ARCH = YES;
				SDKROOT = iphoneos;
				SWIFT_ACTIVE_COMPILATION_CONDITIONS = DEBUG;
				SWIFT_OPTIMIZATION_LEVEL = "-Onone";
				TARGETED_DEVICE_FAMILY = "1,2";
			};
			name = Debug;
		};
		F4D37E971F161938002F7776 /* Release */ = {
			isa = XCBuildConfiguration;
			buildSettings = {
				ALWAYS_SEARCH_USER_PATHS = NO;
				CLANG_ANALYZER_NONNULL = YES;
				CLANG_CXX_LANGUAGE_STANDARD = "gnu++0x";
				CLANG_CXX_LIBRARY = "libc++";
				CLANG_ENABLE_MODULES = YES;
				CLANG_ENABLE_OBJC_ARC = YES;
				CLANG_WARN_BOOL_CONVERSION = YES;
				CLANG_WARN_CONSTANT_CONVERSION = YES;
				CLANG_WARN_DIRECT_OBJC_ISA_USAGE = YES_ERROR;
				CLANG_WARN_DOCUMENTATION_COMMENTS = YES;
				CLANG_WARN_EMPTY_BODY = YES;
				CLANG_WARN_ENUM_CONVERSION = YES;
				CLANG_WARN_INFINITE_RECURSION = YES;
				CLANG_WARN_INT_CONVERSION = YES;
				CLANG_WARN_OBJC_ROOT_CLASS = YES_ERROR;
				CLANG_WARN_SUSPICIOUS_MOVE = YES;
				CLANG_WARN_UNREACHABLE_CODE = YES;
				CLANG_WARN__DUPLICATE_METHOD_MATCH = YES;
				"CODE_SIGN_IDENTITY[sdk=iphoneos*]" = "iPhone Developer";
				COPY_PHASE_STRIP = NO;
				DEBUG_INFORMATION_FORMAT = "dwarf-with-dsym";
				ENABLE_NS_ASSERTIONS = NO;
				ENABLE_STRICT_OBJC_MSGSEND = YES;
				GCC_C_LANGUAGE_STANDARD = gnu99;
				GCC_NO_COMMON_BLOCKS = YES;
				GCC_WARN_64_TO_32_BIT_CONVERSION = YES;
				GCC_WARN_ABOUT_RETURN_TYPE = YES_ERROR;
				GCC_WARN_UNDECLARED_SELECTOR = YES;
				GCC_WARN_UNINITIALIZED_AUTOS = YES_AGGRESSIVE;
				GCC_WARN_UNUSED_FUNCTION = YES;
				GCC_WARN_UNUSED_VARIABLE = YES;
				IPHONEOS_DEPLOYMENT_TARGET = 10.2;
				MTL_ENABLE_DEBUG_INFO = NO;
				SDKROOT = iphoneos;
				SWIFT_OPTIMIZATION_LEVEL = "-Owholemodule";
				TARGETED_DEVICE_FAMILY = "1,2";
				VALIDATE_PRODUCT = YES;
			};
			name = Release;
		};
		F4D37E991F161938002F7776 /* Debug */ = {
			isa = XCBuildConfiguration;
			buildSettings = {
				ASSETCATALOG_COMPILER_APPICON_NAME = AppIcon;
				ASSETCATALOG_COMPILER_LAUNCHIMAGE_NAME = LaunchImage;
				INFOPLIST_FILE = CalculatorUsingSwift/Info.plist;
				LD_RUNPATH_SEARCH_PATHS = "$(inherited) @executable_path/Frameworks";
				PRODUCT_BUNDLE_IDENTIFIER = Manesh.CalculatorUsingSwift;
				PRODUCT_NAME = "$(TARGET_NAME)";
				SWIFT_VERSION = 3.0;
			};
			name = Debug;
		};
		F4D37E9A1F161938002F7776 /* Release */ = {
			isa = XCBuildConfiguration;
			buildSettings = {
				ASSETCATALOG_COMPILER_APPICON_NAME = AppIcon;
				ASSETCATALOG_COMPILER_LAUNCHIMAGE_NAME = LaunchImage;
				INFOPLIST_FILE = CalculatorUsingSwift/Info.plist;
				LD_RUNPATH_SEARCH_PATHS = "$(inherited) @executable_path/Frameworks";
				PRODUCT_BUNDLE_IDENTIFIER = Manesh.CalculatorUsingSwift;
				PRODUCT_NAME = "$(TARGET_NAME)";
				SWIFT_VERSION = 3.0;
			};
			name = Release;
		};
/* End XCBuildConfiguration section */

/* Begin XCConfigurationList section */
		F4D37E811F161938002F7776 /* Build configuration list for PBXProject "CalculatorUsingSwift" */ = {
			isa = XCConfigurationList;
			buildConfigurations = (
				F4D37E961F161938002F7776 /* Debug */,
				F4D37E971F161938002F7776 /* Release */,
			);
			defaultConfigurationIsVisible = 0;
			defaultConfigurationName = Release;
		};
		F4D37E981F161938002F7776 /* Build configuration list for PBXNativeTarget "CalculatorUsingSwift" */ = {
			isa = XCConfigurationList;
			buildConfigurations = (
				F4D37E991F161938002F7776 /* Debug */,
				F4D37E9A1F161938002F7776 /* Release */,
			);
			defaultConfigurationIsVisible = 0;
			defaultConfigurationName = Release;
		};
/* End XCConfigurationList section */
	};
	rootObject = F4D37E7E1F161938002F7776 /* Project object */;
}
